{
  "originHash" : "682a502d507d8f3bed5833713e82bd949756e0c9470bc9f9b18b871d90161fae",
  "pins" : [
    {
      "identity" : "freetype",
      "kind" : "remoteSourceControl",
      "location" : "https://github.com/EvgenijLutz/FreeType.git",
      "state" : {
        "revision" : "61939aa87cf016800babaf2c03d90fde5f122e45",
        "version" : "2.13.3-alpha5"
      }
    },
    {
      "identity" : "libpng",
      "kind" : "remoteSourceControl",
      "location" : "https://github.com/EvgenijLutz/LibPNG.git",
      "state" : {
        "revision" : "50de20770f65550deb4ce38f019936debc687159",
        "version" : "1.6.50-alpha3"
      }
    }
  ],
  "version" : 3
}
